# This file is automatically @generated by Cargo.
# It is not intended for manual editing.
version = 3

[[package]]
name = "libz-rs-sys"
version = "0.5.3"
dependencies = [
 "zlib-rs",
]

[[package]]
name = "zlib-rs"
version = "0.5.3"
source = "registry+https://github.com/rust-lang/crates.io-index"
checksum = "36134c44663532e6519d7a6dfdbbe06f6f8192bde8ae9ed076e9b213f0e31df7"
